{
  "nodes": {
    "bacon-ls": {
      "inputs": {
        "flake-utils": "flake-utils",
        "naersk": "naersk",
        "nixpkgs": [
          "nixpkgs"
        ]
      },
      "locked": {
        "lastModified": 1746087825,
        "narHash": "sha256-E07muFF4/lsQosQ7k77eV7PKwo2aXDh2FhrwU2jTCBc=",
        "owner": "crisidev",
        "repo": "bacon-ls",
        "rev": "8b2247e790891eab6fb6974ce7b19e872e7fcebd",
        "type": "github"
      },
      "original": {
        "owner": "crisidev",
        "repo": "bacon-ls",
        "type": "github"
      }
    },
    "crane": {
      "locked": {
        "lastModified": 1745454774,
        "narHash": "sha256-oLvmxOnsEKGtwczxp/CwhrfmQUG2ym24OMWowcoRhH8=",
        "owner": "ipetkov",
        "repo": "crane",
        "rev": "efd36682371678e2b6da3f108fdb5c613b3ec598",
        "type": "github"
      },
      "original": {
        "owner": "ipetkov",
        "repo": "crane",
        "type": "github"
      }
    },
    "fenix": {
      "inputs": {
        "nixpkgs": [
          "feonix",
          "nixpkgs"
        ],
        "rust-analyzer-src": "rust-analyzer-src"
      },
      "locked": {
        "lastModified": 1746081462,
        "narHash": "sha256-WmJBaktb33WwqNn5BwdJghAoiBnvnPhgHSBksTrF5K8=",
        "owner": "nix-community",
        "repo": "fenix",
        "rev": "e3be528e4f03538852ba49b413ec4ac843edeb60",
        "type": "github"
      },
      "original": {
        "owner": "nix-community",
        "repo": "fenix",
        "type": "github"
      }
    },
    "feonix": {
      "inputs": {
        "crane": "crane",
        "fenix": "fenix",
        "flake-parts": "flake-parts",
        "git-hooks-nix": "git-hooks-nix",
        "gnc-flake": "gnc-flake",
        "nixpkgs": "nixpkgs_2",
        "process-compose-flake": "process-compose-flake",
        "sitl-src": "sitl-src"
      },
      "locked": {
        "lastModified": 1746603108,
        "narHash": "sha256-lhWN2CQjMACzJtfr0X2Mz3vH3uIbxrrab/bOMpBvIoI=",
        "ref": "refs/heads/master",
        "rev": "21e157c0aca7de3392b66e5b9c6ef8436629dba3",
        "revCount": 832,
        "type": "git",
        "url": "ssh://git@github.com/PurdueAerialRoboticsTeam/feonix.git"
      },
      "original": {
        "type": "git",
        "url": "ssh://git@github.com/PurdueAerialRoboticsTeam/feonix.git"
      }
    },
    "flake-compat": {
      "flake": false,
      "locked": {
        "lastModified": 1696426674,
        "narHash": "sha256-kvjfFW7WAETZlt09AgDn1MrtKzP7t90Vf7vypd3OL1U=",
        "owner": "edolstra",
        "repo": "flake-compat",
        "rev": "0f9255e01c2351cc7d116c072cb317785dd33b33",
        "type": "github"
      },
      "original": {
        "owner": "edolstra",
        "repo": "flake-compat",
        "type": "github"
      }
    },
    "flake-parts": {
      "inputs": {
        "nixpkgs-lib": "nixpkgs-lib"
      },
      "locked": {
        "lastModified": 1743550720,
        "narHash": "sha256-hIshGgKZCgWh6AYJpJmRgFdR3WUbkY04o82X05xqQiY=",
        "owner": "hercules-ci",
        "repo": "flake-parts",
        "rev": "c621e8422220273271f52058f618c94e405bb0f5",
        "type": "github"
      },
      "original": {
        "owner": "hercules-ci",
        "repo": "flake-parts",
        "type": "github"
      }
    },
    "flake-utils": {
      "inputs": {
        "systems": "systems"
      },
      "locked": {
        "lastModified": 1731533236,
        "narHash": "sha256-l0KFg5HjrsfsO/JpG+r7fRrqm12kzFHyUHqHCVpMMbI=",
        "owner": "numtide",
        "repo": "flake-utils",
        "rev": "11707dc2f618dd54ca8739b309ec4fc024de578b",
        "type": "github"
      },
      "original": {
        "owner": "numtide",
        "repo": "flake-utils",
        "type": "github"
      }
    },
    "git-hooks-nix": {
      "inputs": {
        "flake-compat": "flake-compat",
        "gitignore": "gitignore",
        "nixpkgs": [
          "feonix",
          "nixpkgs"
        ]
      },
      "locked": {
        "lastModified": 1742649964,
        "narHash": "sha256-DwOTp7nvfi8mRfuL1escHDXabVXFGT1VlPD1JHrtrco=",
        "owner": "cachix",
        "repo": "git-hooks.nix",
        "rev": "dcf5072734cb576d2b0c59b2ac44f5050b5eac82",
        "type": "github"
      },
      "original": {
        "owner": "cachix",
        "repo": "git-hooks.nix",
        "type": "github"
      }
    },
    "gitignore": {
      "inputs": {
        "nixpkgs": [
          "feonix",
          "git-hooks-nix",
          "nixpkgs"
        ]
      },
      "locked": {
        "lastModified": 1709087332,
        "narHash": "sha256-HG2cCnktfHsKV0s4XW83gU3F57gaTljL9KNSuG6bnQs=",
        "owner": "hercules-ci",
        "repo": "gitignore.nix",
        "rev": "637db329424fd7e46cf4185293b9cc8c88c95394",
        "type": "github"
      },
      "original": {
        "owner": "hercules-ci",
        "repo": "gitignore.nix",
        "type": "github"
      }
    },
    "gnc-flake": {
      "inputs": {
        "nixpkgs": [
          "feonix",
          "nixpkgs"
        ],
        "pyproject-nix": "pyproject-nix",
        "utils": "utils"
      },
      "locked": {
        "lastModified": 1746279142,
        "narHash": "sha256-LL8uq4vUeOnoi4LYXManFYC3BWHRNw+6CnAyOLT1r1o=",
        "ref": "refs/heads/master",
        "rev": "236cccaf01e24917308f7b8a147c4655351a3f16",
        "revCount": 180,
        "type": "git",
        "url": "ssh://git@github.com/PurdueAerialRoboticsTeam/GNC-2024-2025.git"
      },
      "original": {
        "type": "git",
        "url": "ssh://git@github.com/PurdueAerialRoboticsTeam/GNC-2024-2025.git"
      }
    },
    "home-manager": {
      "inputs": {
        "nixpkgs": [
          "nixpkgs"
        ]
      },
      "locked": {
        "lastModified": 1746727295,
        "narHash": "sha256-0364XVBdfEA8rWfqEPvsgBqGFfq5r9LAo9CS9tvT7tg=",
        "rev": "a51598236f23c89e59ee77eb8e0614358b0e896c",
        "revCount": 4690,
        "type": "tarball",
        "url": "https://api.flakehub.com/f/pinned/nix-community/home-manager/0.1.4690%2Brev-a51598236f23c89e59ee77eb8e0614358b0e896c/0196b110-38f5-7303-aa4e-fbdd4de11872/source.tar.gz"
      },
      "original": {
        "type": "tarball",
        "url": "https://flakehub.com/f/nix-community/home-manager/0.1"
      }
    },
    "home-manager_2": {
      "inputs": {
        "nixpkgs": [
          "zen-browser",
          "nixpkgs"
        ]
      },
      "locked": {
        "lastModified": 1743604125,
        "narHash": "sha256-ZD61DNbsBt1mQbinAaaEqKaJk2RFo9R/j+eYWeGMx7A=",
        "owner": "nix-community",
        "repo": "home-manager",
        "rev": "180fd43eea296e62ae68e079fcf56aba268b9a1a",
        "type": "github"
      },
      "original": {
        "owner": "nix-community",
        "repo": "home-manager",
        "type": "github"
      }
    },
    "naersk": {
      "inputs": {
        "nixpkgs": "nixpkgs"
      },
      "locked": {
        "lastModified": 1743800763,
        "narHash": "sha256-YFKV+fxEpMgP5VsUcM6Il28lI0NlpM7+oB1XxbBAYCw=",
        "owner": "nix-community",
        "repo": "naersk",
        "rev": "ed0232117731a4c19d3ee93aa0c382a8fe754b01",
        "type": "github"
      },
      "original": {
        "owner": "nix-community",
        "repo": "naersk",
        "type": "github"
      }
    },
    "nixpkgs": {
      "locked": {
        "lastModified": 1745377448,
        "narHash": "sha256-jhZDfXVKdD7TSEGgzFJQvEEZ2K65UMiqW5YJ2aIqxMA=",
        "owner": "NixOS",
        "repo": "nixpkgs",
        "rev": "507b63021ada5fee621b6ca371c4fca9ca46f52c",
        "type": "github"
      },
      "original": {
        "owner": "NixOS",
        "ref": "nixpkgs-unstable",
        "repo": "nixpkgs",
        "type": "github"
      }
    },
    "nixpkgs-lib": {
      "locked": {
        "lastModified": 1743296961,
        "narHash": "sha256-b1EdN3cULCqtorQ4QeWgLMrd5ZGOjLSLemfa00heasc=",
        "owner": "nix-community",
        "repo": "nixpkgs.lib",
        "rev": "e4822aea2a6d1cdd36653c134cacfd64c97ff4fa",
        "type": "github"
      },
      "original": {
        "owner": "nix-community",
        "repo": "nixpkgs.lib",
        "type": "github"
      }
    },
    "nixpkgs_2": {
      "locked": {
        "lastModified": 1746123514,
        "narHash": "sha256-UNO+MbVHLl4AkVWYqekk72/gqFNSLYNkBgto7h+7P3U=",
        "owner": "NixOS",
        "repo": "nixpkgs",
        "rev": "b5dd9efc912ecabeafa4f082d31e19cb1c74266c",
        "type": "github"
      },
      "original": {
        "owner": "NixOS",
        "ref": "nixpkgs-unstable",
        "repo": "nixpkgs",
        "type": "github"
      }
    },
    "nixpkgs_3": {
      "locked": {
        "lastModified": 1746461020,
        "narHash": "sha256-7+pG1I9jvxNlmln4YgnlW4o+w0TZX24k688mibiFDUE=",
        "owner": "NixOS",
        "repo": "nixpkgs",
        "rev": "3730d8a308f94996a9ba7c7138ede69c1b9ac4ae",
        "type": "github"
      },
      "original": {
        "owner": "NixOS",
        "ref": "nixos-unstable",
        "repo": "nixpkgs",
        "type": "github"
      }
    },
    "nixpkgs_4": {
      "locked": {
        "lastModified": 1738546358,
        "narHash": "sha256-nLivjIygCiqLp5QcL7l56Tca/elVqM9FG1hGd9ZSsrg=",
        "owner": "NixOS",
        "repo": "nixpkgs",
        "rev": "c6e957d81b96751a3d5967a0fd73694f303cc914",
        "type": "github"
      },
      "original": {
        "owner": "NixOS",
        "ref": "nixos-unstable",
        "repo": "nixpkgs",
        "type": "github"
      }
    },
    "process-compose-flake": {
      "locked": {
        "lastModified": 1740324671,
        "narHash": "sha256-djc+wRG9L70jlW95Ck4GKr7nTPp1drfsXshJkYZAd9s=",
        "owner": "Platonic-Systems",
        "repo": "process-compose-flake",
        "rev": "2a17e49b8a5d32278ed77e4a881f992472be18a1",
        "type": "github"
      },
      "original": {
        "owner": "Platonic-Systems",
        "repo": "process-compose-flake",
        "type": "github"
      }
    },
    "pyproject-nix": {
      "inputs": {
        "nixpkgs": [
          "feonix",
          "gnc-flake",
          "nixpkgs"
        ]
      },
      "locked": {
        "lastModified": 1743085397,
        "narHash": "sha256-mCJgxAltNx9uzYTpaSNr6yQtDMXnRykXL87L2bLmsPo=",
        "owner": "pyproject-nix",
        "repo": "pyproject.nix",
        "rev": "af4c3ccf8cffcd49626b0455defb0f6b22cc1910",
        "type": "github"
      },
      "original": {
        "owner": "pyproject-nix",
        "repo": "pyproject.nix",
        "type": "github"
      }
    },
    "root": {
      "inputs": {
        "bacon-ls": "bacon-ls",
        "feonix": "feonix",
        "home-manager": "home-manager",
        "nixpkgs": "nixpkgs_3",
        "system-manager": "system-manager",
        "zen-browser": "zen-browser"
      }
    },
    "rust-analyzer-src": {
      "flake": false,
      "locked": {
        "lastModified": 1746024678,
        "narHash": "sha256-Q5J7+RoTPH4zPeu0Ka7iSXtXty228zKjS0Ed4R+ohpA=",
        "owner": "rust-lang",
        "repo": "rust-analyzer",
        "rev": "5d66d45005fef79751294419ab9a9fa304dfdf5c",
        "type": "github"
      },
      "original": {
        "owner": "rust-lang",
        "ref": "nightly",
        "repo": "rust-analyzer",
        "type": "github"
      }
    },
    "sitl-src": {
      "flake": false,
      "locked": {
        "lastModified": 1746141317,
        "narHash": "sha256-1gASLkh9TPoYfCqTFoiOmx0Xslhw8jDhJFDsAJODDzo=",
        "ref": "refs/heads/master",
        "rev": "8ad6e96bf75e04203ff6a67b887cf8ce77c57b49",
        "revCount": 67541,
        "submodules": true,
        "type": "git",
        "url": "https://github.com/ArduPilot/ardupilot"
      },
      "original": {
        "submodules": true,
        "type": "git",
        "url": "https://github.com/ArduPilot/ardupilot"
      }
    },
    "system-manager": {
      "inputs": {
        "nixpkgs": "nixpkgs_4"
      },
      "locked": {
        "lastModified": 1744139528,
        "narHash": "sha256-ABIcmxzf8399pJzXqHzShXtzw7iC+zxjhOxp/qS0fQk=",
        "owner": "numtide",
        "repo": "system-manager",
        "rev": "803322102ed51f29c250d4bff2973625adc4a521",
        "type": "github"
      },
      "original": {
        "owner": "numtide",
        "repo": "system-manager",
        "type": "github"
      }
    },
    "systems": {
      "locked": {
        "lastModified": 1681028828,
        "narHash": "sha256-Vy1rq5AaRuLzOxct8nz4T6wlgyUR7zLU309k9mBC768=",
        "owner": "nix-systems",
        "repo": "default",
        "rev": "da67096a3b9bf56a91d16901293e51ba5b49a27e",
        "type": "github"
      },
      "original": {
        "owner": "nix-systems",
        "repo": "default",
        "type": "github"
      }
    },
    "systems_2": {
      "locked": {
        "lastModified": 1681028828,
        "narHash": "sha256-Vy1rq5AaRuLzOxct8nz4T6wlgyUR7zLU309k9mBC768=",
        "owner": "nix-systems",
        "repo": "default",
        "rev": "da67096a3b9bf56a91d16901293e51ba5b49a27e",
        "type": "github"
      },
      "original": {
        "owner": "nix-systems",
        "repo": "default",
        "type": "github"
      }
    },
    "utils": {
      "inputs": {
        "systems": "systems_2"
      },
      "locked": {
        "lastModified": 1731533236,
        "narHash": "sha256-l0KFg5HjrsfsO/JpG+r7fRrqm12kzFHyUHqHCVpMMbI=",
        "owner": "numtide",
        "repo": "flake-utils",
        "rev": "11707dc2f618dd54ca8739b309ec4fc024de578b",
        "type": "github"
      },
      "original": {
        "owner": "numtide",
        "repo": "flake-utils",
        "type": "github"
      }
    },
    "zen-browser": {
      "inputs": {
        "home-manager": "home-manager_2",
        "nixpkgs": [
          "nixpkgs"
        ]
      },
      "locked": {
        "lastModified": 1746725877,
        "narHash": "sha256-0YQx51XJyV43yjdv2+RHoO+C8wgI5V9L1DGVGr1+8hY=",
        "owner": "0xc000022070",
        "repo": "zen-browser-flake",
        "rev": "1965b827dc7f89e48744ec52e41dce920485ea85",
        "type": "github"
      },
      "original": {
        "owner": "0xc000022070",
        "repo": "zen-browser-flake",
        "type": "github"
      }
    }
  },
  "root": "root",
  "version": 7
}
