{
  "nodes": {
    "crane": {
      "locked": {
        "lastModified": 1745022865,
        "narHash": "sha256-tXL4qUlyYZEGOHUKUWjmmcvJjjLQ+4U38lPWSc8Cgdo=",
        "owner": "ipetkov",
        "repo": "crane",
        "rev": "25ca4c50039d91ad88cc0b8feacb9ad7f748dedf",
        "type": "github"
      },
      "original": {
        "owner": "ipetkov",
        "repo": "crane",
        "type": "github"
      }
    },
    "fenix": {
      "inputs": {
        "nixpkgs": [
          "feonix",
          "nixpkgs"
        ],
        "rust-analyzer-src": "rust-analyzer-src"
      },
      "locked": {
        "lastModified": 1745303921,
        "narHash": "sha256-zYucemS2QvJUR5GKJ/u3eZAoe82AKhcxMtNVZDERXsw=",
        "owner": "nix-community",
        "repo": "fenix",
        "rev": "14850d5984f3696a2972f85f19085e5fb46daa95",
        "type": "github"
      },
      "original": {
        "owner": "nix-community",
        "repo": "fenix",
        "type": "github"
      }
    },
    "feonix": {
      "inputs": {
        "crane": "crane",
        "fenix": "fenix",
        "flake-parts": "flake-parts",
        "git-hooks-nix": "git-hooks-nix",
        "gnc-flake": "gnc-flake",
        "nixpkgs": "nixpkgs",
        "process-compose-flake": "process-compose-flake",
        "sitl-src": "sitl-src"
      },
      "locked": {
        "lastModified": 1745369707,
        "narHash": "sha256-qQ6lb4zfmgQNiuiFUKZCiL4hSsmq0kI18SJ0GqM65kM=",
        "ref": "refs/heads/master",
        "rev": "2a784beb2b448d800b4a3ba3a01c6fa50219f332",
        "revCount": 704,
        "type": "git",
        "url": "ssh://git@github.com/PurdueAerialRoboticsTeam/feonix.git"
      },
      "original": {
        "type": "git",
        "url": "ssh://git@github.com/PurdueAerialRoboticsTeam/feonix.git"
      }
    },
    "flake-compat": {
      "flake": false,
      "locked": {
        "lastModified": 1696426674,
        "narHash": "sha256-kvjfFW7WAETZlt09AgDn1MrtKzP7t90Vf7vypd3OL1U=",
        "owner": "edolstra",
        "repo": "flake-compat",
        "rev": "0f9255e01c2351cc7d116c072cb317785dd33b33",
        "type": "github"
      },
      "original": {
        "owner": "edolstra",
        "repo": "flake-compat",
        "type": "github"
      }
    },
    "flake-parts": {
      "inputs": {
        "nixpkgs-lib": "nixpkgs-lib"
      },
      "locked": {
        "lastModified": 1743550720,
        "narHash": "sha256-hIshGgKZCgWh6AYJpJmRgFdR3WUbkY04o82X05xqQiY=",
        "owner": "hercules-ci",
        "repo": "flake-parts",
        "rev": "c621e8422220273271f52058f618c94e405bb0f5",
        "type": "github"
      },
      "original": {
        "owner": "hercules-ci",
        "repo": "flake-parts",
        "type": "github"
      }
    },
    "git-hooks-nix": {
      "inputs": {
        "flake-compat": "flake-compat",
        "gitignore": "gitignore",
        "nixpkgs": [
          "feonix",
          "nixpkgs"
        ]
      },
      "locked": {
        "lastModified": 1742649964,
        "narHash": "sha256-DwOTp7nvfi8mRfuL1escHDXabVXFGT1VlPD1JHrtrco=",
        "owner": "cachix",
        "repo": "git-hooks.nix",
        "rev": "dcf5072734cb576d2b0c59b2ac44f5050b5eac82",
        "type": "github"
      },
      "original": {
        "owner": "cachix",
        "repo": "git-hooks.nix",
        "type": "github"
      }
    },
    "gitignore": {
      "inputs": {
        "nixpkgs": [
          "feonix",
          "git-hooks-nix",
          "nixpkgs"
        ]
      },
      "locked": {
        "lastModified": 1709087332,
        "narHash": "sha256-HG2cCnktfHsKV0s4XW83gU3F57gaTljL9KNSuG6bnQs=",
        "owner": "hercules-ci",
        "repo": "gitignore.nix",
        "rev": "637db329424fd7e46cf4185293b9cc8c88c95394",
        "type": "github"
      },
      "original": {
        "owner": "hercules-ci",
        "repo": "gitignore.nix",
        "type": "github"
      }
    },
    "gnc-flake": {
      "inputs": {
        "nixpkgs": [
          "feonix",
          "nixpkgs"
        ],
        "pyproject-nix": "pyproject-nix",
        "utils": "utils"
      },
      "locked": {
        "lastModified": 1745364322,
        "narHash": "sha256-PKgpO3jDpJhth9ddtdUF+Srnlia1DTLZihd9Wz2RTEI=",
        "ref": "refs/heads/master",
        "rev": "d0b15d935d3f73cf0f849bf04548e1d560352ce5",
        "revCount": 162,
        "type": "git",
        "url": "ssh://git@github.com/PurdueAerialRoboticsTeam/GNC-2024-2025.git"
      },
      "original": {
        "type": "git",
        "url": "ssh://git@github.com/PurdueAerialRoboticsTeam/GNC-2024-2025.git"
      }
    },
    "nixpkgs": {
      "locked": {
        "lastModified": 1744868846,
        "narHash": "sha256-5RJTdUHDmj12Qsv7XOhuospjAjATNiTMElplWnJE9Hs=",
        "owner": "NixOS",
        "repo": "nixpkgs",
        "rev": "ebe4301cbd8f81c4f8d3244b3632338bbeb6d49c",
        "type": "github"
      },
      "original": {
        "owner": "NixOS",
        "ref": "nixpkgs-unstable",
        "repo": "nixpkgs",
        "type": "github"
      }
    },
    "nixpkgs-lib": {
      "locked": {
        "lastModified": 1743296961,
        "narHash": "sha256-b1EdN3cULCqtorQ4QeWgLMrd5ZGOjLSLemfa00heasc=",
        "owner": "nix-community",
        "repo": "nixpkgs.lib",
        "rev": "e4822aea2a6d1cdd36653c134cacfd64c97ff4fa",
        "type": "github"
      },
      "original": {
        "owner": "nix-community",
        "repo": "nixpkgs.lib",
        "type": "github"
      }
    },
    "nixpkgs_2": {
      "locked": {
        "lastModified": 1745234285,
        "narHash": "sha256-GfpyMzxwkfgRVN0cTGQSkTC0OHhEkv3Jf6Tcjm//qZ0=",
        "owner": "NixOS",
        "repo": "nixpkgs",
        "rev": "c11863f1e964833214b767f4a369c6e6a7aba141",
        "type": "github"
      },
      "original": {
        "owner": "NixOS",
        "ref": "nixos-unstable",
        "repo": "nixpkgs",
        "type": "github"
      }
    },
    "nixpkgs_3": {
      "locked": {
        "lastModified": 1738546358,
        "narHash": "sha256-nLivjIygCiqLp5QcL7l56Tca/elVqM9FG1hGd9ZSsrg=",
        "owner": "NixOS",
        "repo": "nixpkgs",
        "rev": "c6e957d81b96751a3d5967a0fd73694f303cc914",
        "type": "github"
      },
      "original": {
        "owner": "NixOS",
        "ref": "nixos-unstable",
        "repo": "nixpkgs",
        "type": "github"
      }
    },
    "process-compose-flake": {
      "locked": {
        "lastModified": 1740324671,
        "narHash": "sha256-djc+wRG9L70jlW95Ck4GKr7nTPp1drfsXshJkYZAd9s=",
        "owner": "Platonic-Systems",
        "repo": "process-compose-flake",
        "rev": "2a17e49b8a5d32278ed77e4a881f992472be18a1",
        "type": "github"
      },
      "original": {
        "owner": "Platonic-Systems",
        "repo": "process-compose-flake",
        "type": "github"
      }
    },
    "pyproject-nix": {
      "inputs": {
        "nixpkgs": [
          "feonix",
          "gnc-flake",
          "nixpkgs"
        ]
      },
      "locked": {
        "lastModified": 1743085397,
        "narHash": "sha256-mCJgxAltNx9uzYTpaSNr6yQtDMXnRykXL87L2bLmsPo=",
        "owner": "pyproject-nix",
        "repo": "pyproject.nix",
        "rev": "af4c3ccf8cffcd49626b0455defb0f6b22cc1910",
        "type": "github"
      },
      "original": {
        "owner": "pyproject-nix",
        "repo": "pyproject.nix",
        "type": "github"
      }
    },
    "root": {
      "inputs": {
        "feonix": "feonix",
        "nixpkgs": "nixpkgs_2",
        "system-manager": "system-manager"
      }
    },
    "rust-analyzer-src": {
      "flake": false,
      "locked": {
        "lastModified": 1745247864,
        "narHash": "sha256-QA1Ba8Flz5K+0GbG03HwiX9t46mh/jjKgwavbuKtwMg=",
        "owner": "rust-lang",
        "repo": "rust-analyzer",
        "rev": "31dbec70c68e97060916d4754c687a3e93c2440f",
        "type": "github"
      },
      "original": {
        "owner": "rust-lang",
        "ref": "nightly",
        "repo": "rust-analyzer",
        "type": "github"
      }
    },
    "sitl-src": {
      "flake": false,
      "locked": {
        "lastModified": 1745305652,
        "narHash": "sha256-sRaL5552YZ35Qcx/ntMLBW0g4g53GiADSmrLq4c5MLs=",
        "ref": "refs/heads/master",
        "rev": "825d0b5650d19824d1ae8ee0e1fe2428aedfd065",
        "revCount": 67407,
        "submodules": true,
        "type": "git",
        "url": "https://github.com/ArduPilot/ardupilot"
      },
      "original": {
        "submodules": true,
        "type": "git",
        "url": "https://github.com/ArduPilot/ardupilot"
      }
    },
    "system-manager": {
      "inputs": {
        "nixpkgs": "nixpkgs_3"
      },
      "locked": {
        "lastModified": 1744139528,
        "narHash": "sha256-ABIcmxzf8399pJzXqHzShXtzw7iC+zxjhOxp/qS0fQk=",
        "owner": "numtide",
        "repo": "system-manager",
        "rev": "803322102ed51f29c250d4bff2973625adc4a521",
        "type": "github"
      },
      "original": {
        "owner": "numtide",
        "repo": "system-manager",
        "type": "github"
      }
    },
    "systems": {
      "locked": {
        "lastModified": 1681028828,
        "narHash": "sha256-Vy1rq5AaRuLzOxct8nz4T6wlgyUR7zLU309k9mBC768=",
        "owner": "nix-systems",
        "repo": "default",
        "rev": "da67096a3b9bf56a91d16901293e51ba5b49a27e",
        "type": "github"
      },
      "original": {
        "owner": "nix-systems",
        "repo": "default",
        "type": "github"
      }
    },
    "utils": {
      "inputs": {
        "systems": "systems"
      },
      "locked": {
        "lastModified": 1731533236,
        "narHash": "sha256-l0KFg5HjrsfsO/JpG+r7fRrqm12kzFHyUHqHCVpMMbI=",
        "owner": "numtide",
        "repo": "flake-utils",
        "rev": "11707dc2f618dd54ca8739b309ec4fc024de578b",
        "type": "github"
      },
      "original": {
        "owner": "numtide",
        "repo": "flake-utils",
        "type": "github"
      }
    }
  },
  "root": "root",
  "version": 7
}
