{
  "nodes": {
    "crane": {
      "locked": {
        "lastModified": 1742394900,
        "narHash": "sha256-vVOAp9ahvnU+fQoKd4SEXB2JG2wbENkpqcwlkIXgUC0=",
        "owner": "ipetkov",
        "repo": "crane",
        "rev": "70947c1908108c0c551ddfd73d4f750ff2ea67cd",
        "type": "github"
      },
      "original": {
        "owner": "ipetkov",
        "repo": "crane",
        "type": "github"
      }
    },
    "fenix": {
      "inputs": {
        "nixpkgs": [
          "feonix",
          "nixpkgs"
        ],
        "rust-analyzer-src": "rust-analyzer-src"
      },
      "locked": {
        "lastModified": 1742452566,
        "narHash": "sha256-sVuLDQ2UIWfXUBbctzrZrXM2X05YjX08K7XHMztt36E=",
        "owner": "nix-community",
        "repo": "fenix",
        "rev": "7d9ba794daf5e8cc7ee728859bc688d8e26d5f06",
        "type": "github"
      },
      "original": {
        "owner": "nix-community",
        "repo": "fenix",
        "type": "github"
      }
    },
    "feonix": {
      "inputs": {
        "crane": "crane",
        "fenix": "fenix",
        "flake-parts": "flake-parts",
        "git-hooks-nix": "git-hooks-nix",
        "gnc-flake": "gnc-flake",
        "nixpkgs": "nixpkgs",
        "sitl-src": "sitl-src"
      },
      "locked": {
        "lastModified": 1744768438,
        "narHash": "sha256-ZlWD1xTStd+Ca/wflbiqrMESD1Zkvn+NiFqGfqJWarU=",
        "ref": "master",
        "rev": "e2149c2b0094da58f1886156268a6e5707909801",
        "revCount": 632,
        "type": "git",
        "url": "ssh://git@github.com/PurdueAerialRoboticsTeam/feonix.git"
      },
      "original": {
        "ref": "master",
        "type": "git",
        "url": "ssh://git@github.com/PurdueAerialRoboticsTeam/feonix.git"
      }
    },
    "flake-compat": {
      "flake": false,
      "locked": {
        "lastModified": 1696426674,
        "narHash": "sha256-kvjfFW7WAETZlt09AgDn1MrtKzP7t90Vf7vypd3OL1U=",
        "owner": "edolstra",
        "repo": "flake-compat",
        "rev": "0f9255e01c2351cc7d116c072cb317785dd33b33",
        "type": "github"
      },
      "original": {
        "owner": "edolstra",
        "repo": "flake-compat",
        "type": "github"
      }
    },
    "flake-parts": {
      "inputs": {
        "nixpkgs-lib": "nixpkgs-lib"
      },
      "locked": {
        "lastModified": 1743550720,
        "narHash": "sha256-hIshGgKZCgWh6AYJpJmRgFdR3WUbkY04o82X05xqQiY=",
        "owner": "hercules-ci",
        "repo": "flake-parts",
        "rev": "c621e8422220273271f52058f618c94e405bb0f5",
        "type": "github"
      },
      "original": {
        "owner": "hercules-ci",
        "repo": "flake-parts",
        "type": "github"
      }
    },
    "flake-utils": {
      "inputs": {
        "systems": "systems_2"
      },
      "locked": {
        "lastModified": 1731533236,
        "narHash": "sha256-l0KFg5HjrsfsO/JpG+r7fRrqm12kzFHyUHqHCVpMMbI=",
        "owner": "numtide",
        "repo": "flake-utils",
        "rev": "11707dc2f618dd54ca8739b309ec4fc024de578b",
        "type": "github"
      },
      "original": {
        "id": "flake-utils",
        "type": "indirect"
      }
    },
    "git-hooks-nix": {
      "inputs": {
        "flake-compat": "flake-compat",
        "gitignore": "gitignore",
        "nixpkgs": [
          "feonix",
          "nixpkgs"
        ]
      },
      "locked": {
        "lastModified": 1742649964,
        "narHash": "sha256-DwOTp7nvfi8mRfuL1escHDXabVXFGT1VlPD1JHrtrco=",
        "owner": "cachix",
        "repo": "git-hooks.nix",
        "rev": "dcf5072734cb576d2b0c59b2ac44f5050b5eac82",
        "type": "github"
      },
      "original": {
        "owner": "cachix",
        "repo": "git-hooks.nix",
        "type": "github"
      }
    },
    "gitignore": {
      "inputs": {
        "nixpkgs": [
          "feonix",
          "git-hooks-nix",
          "nixpkgs"
        ]
      },
      "locked": {
        "lastModified": 1709087332,
        "narHash": "sha256-HG2cCnktfHsKV0s4XW83gU3F57gaTljL9KNSuG6bnQs=",
        "owner": "hercules-ci",
        "repo": "gitignore.nix",
        "rev": "637db329424fd7e46cf4185293b9cc8c88c95394",
        "type": "github"
      },
      "original": {
        "owner": "hercules-ci",
        "repo": "gitignore.nix",
        "type": "github"
      }
    },
    "gnc-flake": {
      "inputs": {
        "nixpkgs": [
          "feonix",
          "nixpkgs"
        ],
        "pyproject-nix": "pyproject-nix",
        "utils": "utils"
      },
      "locked": {
        "lastModified": 1744684577,
        "narHash": "sha256-4hDRLCoknW1VrvxfK7cwolYestT9KbFMXGCihScT2MM=",
        "ref": "refs/heads/master",
        "rev": "cb27e5fe23bbbb89fdec133731ab1a4eb916157e",
        "revCount": 155,
        "type": "git",
        "url": "ssh://git@github.com/PurdueAerialRoboticsTeam/GNC-2024-2025.git"
      },
      "original": {
        "type": "git",
        "url": "ssh://git@github.com/PurdueAerialRoboticsTeam/GNC-2024-2025.git"
      }
    },
    "nixpkgs": {
      "locked": {
        "lastModified": 1743568003,
        "narHash": "sha256-ZID5T65E8ruHqWRcdvZLsczWDOAWIE7om+vQOREwiX0=",
        "owner": "NixOS",
        "repo": "nixpkgs",
        "rev": "b7ba7f9f45c5cd0d8625e9e217c28f8eb6a19a76",
        "type": "github"
      },
      "original": {
        "owner": "NixOS",
        "ref": "nixpkgs-unstable",
        "repo": "nixpkgs",
        "type": "github"
      }
    },
    "nixpkgs-lib": {
      "locked": {
        "lastModified": 1743296961,
        "narHash": "sha256-b1EdN3cULCqtorQ4QeWgLMrd5ZGOjLSLemfa00heasc=",
        "owner": "nix-community",
        "repo": "nixpkgs.lib",
        "rev": "e4822aea2a6d1cdd36653c134cacfd64c97ff4fa",
        "type": "github"
      },
      "original": {
        "owner": "nix-community",
        "repo": "nixpkgs.lib",
        "type": "github"
      }
    },
    "nixpkgs_2": {
      "locked": {
        "lastModified": 1744463964,
        "narHash": "sha256-LWqduOgLHCFxiTNYi3Uj5Lgz0SR+Xhw3kr/3Xd0GPTM=",
        "owner": "NixOS",
        "repo": "nixpkgs",
        "rev": "2631b0b7abcea6e640ce31cd78ea58910d31e650",
        "type": "github"
      },
      "original": {
        "owner": "NixOS",
        "ref": "nixos-unstable",
        "repo": "nixpkgs",
        "type": "github"
      }
    },
    "pyproject-nix": {
      "inputs": {
        "nixpkgs": [
          "feonix",
          "gnc-flake",
          "nixpkgs"
        ]
      },
      "locked": {
        "lastModified": 1743085397,
        "narHash": "sha256-mCJgxAltNx9uzYTpaSNr6yQtDMXnRykXL87L2bLmsPo=",
        "owner": "pyproject-nix",
        "repo": "pyproject.nix",
        "rev": "af4c3ccf8cffcd49626b0455defb0f6b22cc1910",
        "type": "github"
      },
      "original": {
        "owner": "pyproject-nix",
        "repo": "pyproject.nix",
        "type": "github"
      }
    },
    "root": {
      "inputs": {
        "feonix": "feonix",
        "flake-utils": "flake-utils",
        "nixpkgs": "nixpkgs_2",
        "system-manager": "system-manager"
      }
    },
    "rust-analyzer-src": {
      "flake": false,
      "locked": {
        "lastModified": 1742296961,
        "narHash": "sha256-gCpvEQOrugHWLimD1wTFOJHagnSEP6VYBDspq96Idu0=",
        "owner": "rust-lang",
        "repo": "rust-analyzer",
        "rev": "15d87419f1a123d8f888d608129c3ce3ff8f13d4",
        "type": "github"
      },
      "original": {
        "owner": "rust-lang",
        "ref": "nightly",
        "repo": "rust-analyzer",
        "type": "github"
      }
    },
    "sitl-src": {
      "flake": false,
      "locked": {
        "lastModified": 1743637709,
        "narHash": "sha256-p+fou7Y9PpAZmeVeen2N+hZotyzlbVtwo7lkWVYnEQA=",
        "ref": "refs/heads/master",
        "rev": "f1d8d7f72eef69be8e83a9baa85a3d3435553378",
        "revCount": 67127,
        "submodules": true,
        "type": "git",
        "url": "https://github.com/ArduPilot/ardupilot"
      },
      "original": {
        "submodules": true,
        "type": "git",
        "url": "https://github.com/ArduPilot/ardupilot"
      }
    },
    "system-manager": {
      "inputs": {
        "nixpkgs": [
          "nixpkgs"
        ]
      },
      "locked": {
        "lastModified": 1744139528,
        "narHash": "sha256-ABIcmxzf8399pJzXqHzShXtzw7iC+zxjhOxp/qS0fQk=",
        "owner": "numtide",
        "repo": "system-manager",
        "rev": "803322102ed51f29c250d4bff2973625adc4a521",
        "type": "github"
      },
      "original": {
        "owner": "numtide",
        "repo": "system-manager",
        "type": "github"
      }
    },
    "systems": {
      "locked": {
        "lastModified": 1681028828,
        "narHash": "sha256-Vy1rq5AaRuLzOxct8nz4T6wlgyUR7zLU309k9mBC768=",
        "owner": "nix-systems",
        "repo": "default",
        "rev": "da67096a3b9bf56a91d16901293e51ba5b49a27e",
        "type": "github"
      },
      "original": {
        "owner": "nix-systems",
        "repo": "default",
        "type": "github"
      }
    },
    "systems_2": {
      "locked": {
        "lastModified": 1681028828,
        "narHash": "sha256-Vy1rq5AaRuLzOxct8nz4T6wlgyUR7zLU309k9mBC768=",
        "owner": "nix-systems",
        "repo": "default",
        "rev": "da67096a3b9bf56a91d16901293e51ba5b49a27e",
        "type": "github"
      },
      "original": {
        "owner": "nix-systems",
        "repo": "default",
        "type": "github"
      }
    },
    "utils": {
      "inputs": {
        "systems": "systems"
      },
      "locked": {
        "lastModified": 1731533236,
        "narHash": "sha256-l0KFg5HjrsfsO/JpG+r7fRrqm12kzFHyUHqHCVpMMbI=",
        "owner": "numtide",
        "repo": "flake-utils",
        "rev": "11707dc2f618dd54ca8739b309ec4fc024de578b",
        "type": "github"
      },
      "original": {
        "owner": "numtide",
        "repo": "flake-utils",
        "type": "github"
      }
    }
  },
  "root": "root",
  "version": 7
}
